// !$*UTF8*$!
{
	archiveVersion = 1;
	classes = {
	};
	objectVersion = 46;
	objects = {

/* Begin PBXBuildFile section */
		89E54B1E1F1CA07400CC1EAD /* AppDelegate.swift in Sources */ = {isa = PBXBuildFile; fileRef = 89E54B1D1F1CA07400CC1EAD /* AppDelegate.swift */; };
		89E54B201F1CA07400CC1EAD /* ViewController.swift in Sources */ = {isa = PBXBuildFile; fileRef = 89E54B1F1F1CA07400CC1EAD /* ViewController.swift */; };
		89E54B251F1CA07400CC1EAD /* Assets.xcassets in Resources */ = {isa = PBXBuildFile; fileRef = 89E54B241F1CA07400CC1EAD /* Assets.xcassets */; };
		89E54B281F1CA07400CC1EAD /* LaunchScreen.storyboard in Resources */ = {isa = PBXBuildFile; fileRef = 89E54B261F1CA07400CC1EAD /* LaunchScreen.storyboard */; };
/* End PBXBuildFile section */

/* Begin PBXFileReference section */
		89E54B1A1F1CA07400CC1EAD /* ShowAllUIBarButtonItems.app */ = {isa = PBXFileReference; explicitFileType = wrapper.application; includeInIndex = 0; path = ShowAllUIBarButtonItems.app; sourceTree = BUILT_PRODUCTS_DIR; };
		89E54B1D1F1CA07400CC1EAD /* AppDelegate.swift */ = {isa = PBXFileReference; lastKnownFileType = sourcecode.swift; path = AppDelegate.swift; sourceTree = "<group>"; };
		89E54B1F1F1CA07400CC1EAD /* ViewController.swift */ = {isa = PBXFileReference; lastKnownFileType = sourcecode.swift; path = ViewController.swift; sourceTree = "<group>"; };
		89E54B241F1CA07400CC1EAD /* Assets.xcassets */ = {isa = PBXFileReference; lastKnownFileType = folder.assetcatalog; path = Assets.xcassets; sourceTree = "<group>"; };
		89E54B271F1CA07400CC1EAD /* Base */ = {isa = PBXFileReference; lastKnownFileType = file.storyboard; name = Base; path = Base.lproj/LaunchScreen.storyboard; sourceTree = "<group>"; };
		89E54B291F1CA07400CC1EAD /* Info.plist */ = {isa = PBXFileReference; lastKnownFileType = text.plist.xml; path = Info.plist; sourceTree = "<group>"; };
/* End PBXFileReference section */

/* Begin PBXFrameworksBuildPhase section */
		89E54B171F1CA07400CC1EAD /* Frameworks */ = {
			isa = PBXFrameworksBuildPhase;
			buildActionMask = 2147483647;
			files = (
			);
			runOnlyForDeploymentPostprocessing = 0;
		};
/* End PBXFrameworksBuildPhase section */

/* Begin PBXGroup section */
		89E54B111F1CA07300CC1EAD = {
			isa = PBXGroup;
			children = (
				89E54B1C1F1CA07400CC1EAD /* ShowAllUIBarButtonItems */,
				89E54B1B1F1CA07400CC1EAD /* Products */,
			);
			sourceTree = "<group>";
		};
		89E54B1B1F1CA07400CC1EAD /* Products */ = {
			isa = PBXGroup;
			children = (
				89E54B1A1F1CA07400CC1EAD /* ShowAllUIBarButtonItems.app */,
			);
			name = Products;
			sourceTree = "<group>";
		};
		89E54B1C1F1CA07400CC1EAD /* ShowAllUIBarButtonItems */ = {
			isa = PBXGroup;
			children = (
				89E54B1D1F1CA07400CC1EAD /* AppDelegate.swift */,
				89E54B1F1F1CA07400CC1EAD /* ViewController.swift */,
				89E54B241F1CA07400CC1EAD /* Assets.xcassets */,
				89E54B261F1CA07400CC1EAD /* LaunchScreen.storyboard */,
				89E54B291F1CA07400CC1EAD /* Info.plist */,
			);
			path = ShowAllUIBarButtonItems;
			sourceTree = "<group>";
		};
/* End PBXGroup section */

/* Begin PBXNativeTarget section */
		89E54B191F1CA07400CC1EAD /* ShowAllUIBarButtonItems */ = {
			isa = PBXNativeTarget;
			buildConfigurationList = 89E54B2C1F1CA07400CC1EAD /* Build configuration list for PBXNativeTarget "ShowAllUIBarButtonItems" */;
			buildPhases = (
				89E54B161F1CA07400CC1EAD /* Sources */,
				89E54B171F1CA07400CC1EAD /* Frameworks */,
				89E54B181F1CA07400CC1EAD /* Resources */,
			);
			buildRules = (
			);
			dependencies = (
			);
			name = ShowAllUIBarButtonItems;
			productName = ShowAllUIBarButtonItems;
			productReference = 89E54B1A1F1CA07400CC1EAD /* ShowAllUIBarButtonItems.app */;
			productType = "com.apple.product-type.application";
		};
/* End PBXNativeTarget section */

/* Begin PBXProject section */
		89E54B121F1CA07300CC1EAD /* Project object */ = {
			isa = PBXProject;
			attributes = {
				LastSwiftUpdateCheck = 0830;
				LastUpgradeCheck = 0830;
				ORGANIZATIONNAME = DutchVirtual;
				TargetAttributes = {
					89E54B191F1CA07400CC1EAD = {
						CreatedOnToolsVersion = 8.3.2;
						DevelopmentTeam = MH8GQLL8BR;
						ProvisioningStyle = Automatic;
					};
				};
			};
			buildConfigurationList = 89E54B151F1CA07300CC1EAD /* Build configuration list for PBXProject "ShowAllUIBarButtonItems" */;
			compatibilityVersion = "Xcode 3.2";
			developmentRegion = English;
			hasScannedForEncodings = 0;
			knownRegions = (
				en,
				Base,
			);
			mainGroup = 89E54B111F1CA07300CC1EAD;
			productRefGroup = 89E54B1B1F1CA07400CC1EAD /* Products */;
			projectDirPath = "";
			projectRoot = "";
			targets = (
				89E54B191F1CA07400CC1EAD /* ShowAllUIBarButtonItems */,
			);
		};
/* End PBXProject section */

/* Begin PBXResourcesBuildPhase section */
		89E54B181F1CA07400CC1EAD /* Resources */ = {
			isa = PBXResourcesBuildPhase;
			buildActionMask = 2147483647;
			files = (
				89E54B281F1CA07400CC1EAD /* LaunchScreen.storyboard in Resources */,
				89E54B251F1CA07400CC1EAD /* Assets.xcassets in Resources */,
			);
			runOnlyForDeploymentPostprocessing = 0;
		};
/* End PBXResourcesBuildPhase section */

/* Begin PBXSourcesBuildPhase section */
		89E54B161F1CA07400CC1EAD /* Sources */ = {
			isa = PBXSourcesBuildPhase;
			buildActionMask = 2147483647;
			files = (
				89E54B201F1CA07400CC1EAD /* ViewController.swift in Sources */,
				89E54B1E1F1CA07400CC1EAD /* AppDelegate.swift in Sources */,
			);
			runOnlyForDeploymentPostprocessing = 0;
		};
/* End PBXSourcesBuildPhase section */

/* Begin PBXVariantGroup section */
		89E54B261F1CA07400CC1EAD /* LaunchScreen.storyboard */ = {
			isa = PBXVariantGroup;
			children = (
				89E54B271F1CA07400CC1EAD /* Base */,
			);
			name = LaunchScreen.storyboard;
			sourceTree = "<group>";
		};
/* End PBXVariantGroup section */

/* Begin XCBuildConfiguration section */
		89E54B2A1F1CA07400CC1EAD /* Debug */ = {
			isa = XCBuildConfiguration;
			buildSettings = {
				ALWAYS_SEARCH_USER_PATHS = NO;
				CLANG_ANALYZER_NONNULL = YES;
				CLANG_ANALYZER_NUMBER_OBJECT_CONVERSION = YES_AGGRESSIVE;
				CLANG_CXX_LANGUAGE_STANDARD = "gnu++0x";
				CLANG_CXX_LIBRARY = "libc++";
				CLANG_ENABLE_MODULES = YES;
				CLANG_ENABLE_OBJC_ARC = YES;
				CLANG_WARN_BOOL_CONVERSION = YES;
				CLANG_WARN_CONSTANT_CONVERSION = YES;
				CLANG_WARN_DIRECT_OBJC_ISA_USAGE = YES_ERROR;
				CLANG_WARN_DOCUMENTATION_COMMENTS = YES;
				CLANG_WARN_EMPTY_BODY = YES;
				CLANG_WARN_ENUM_CONVERSION = YES;
				CLANG_WARN_INFINITE_RECURSION = YES;
				CLANG_WARN_INT_CONVERSION = YES;
				CLANG_WARN_OBJC_ROOT_CLASS = YES_ERROR;
				CLANG_WARN_SUSPICIOUS_MOVE = YES;
				CLANG_WARN_UNREACHABLE_CODE = YES;
				CLANG_WARN__DUPLICATE_METHOD_MATCH = YES;
				"CODE_SIGN_IDENTITY[sdk=iphoneos*]" = "iPhone Developer";
				COPY_PHASE_STRIP = NO;
				DEBUG_INFORMATION_FORMAT = dwarf;
				ENABLE_STRICT_OBJC_MSGSEND = YES;
				ENABLE_TESTABILITY = YES;
				GCC_C_LANGUAGE_STANDARD = gnu99;
				GCC_DYNAMIC_NO_PIC = NO;
				GCC_NO_COMMON_BLOCKS = YES;
				GCC_OPTIMIZATION_LEVEL = 0;
				GCC_PREPROCESSOR_DEFINITIONS = (
					"DEBUG=1",
					"$(inherited)",
				);
				GCC_WARN_64_TO_32_BIT_CONVERSION = YES;
				GCC_WARN_ABOUT_RETURN_TYPE = YES_ERROR;
				GCC_WARN_UNDECLARED_SELECTOR = YES;
				GCC_WARN_UNINITIALIZED_AUTOS = YES_AGGRESSIVE;
				GCC_WARN_UNUSED_FUNCTION = YES;
				GCC_WARN_UNUSED_VARIABLE = YES;
				IPHONEOS_DEPLOYMENT_TARGET = 10.3;
				MTL_ENABLE_DEBUG_INFO = YES;
				ONLY_ACTIVE_ARCH = YES;
				SDKROOT = iphoneos;
				SWIFT_ACTIVE_COMPILATION_CONDITIONS = DEBUG;
				SWIFT_OPTIMIZATION_LEVEL = "-Onone";
				TARGETED_DEVICE_FAMILY = "1,2";
			};
			name = Debug;
		};
		89E54B2B1F1CA07400CC1EAD /* Release */ = {
			isa = XCBuildConfiguration;
			buildSettings = {
				ALWAYS_SEARCH_USER_PATHS = NO;
				CLANG_ANALYZER_NONNULL = YES;
				CLANG_ANALYZER_NUMBER_OBJECT_CONVERSION = YES_AGGRESSIVE;
				CLANG_CXX_LANGUAGE_STANDARD = "gnu++0x";
				CLANG_CXX_LIBRARY = "libc++";
				CLANG_ENABLE_MODULES = YES;
				CLANG_ENABLE_OBJC_ARC = YES;
				CLANG_WARN_BOOL_CONVERSION = YES;
				CLANG_WARN_CONSTANT_CONVERSION = YES;
				CLANG_WARN_DIRECT_OBJC_ISA_USAGE = YES_ERROR;
				CLANG_WARN_DOCUMENTATION_COMMENTS = YES;
				CLANG_WARN_EMPTY_BODY = YES;
				CLANG_WARN_ENUM_CONVERSION = YES;
				CLANG_WARN_INFINITE_RECURSION = YES;
				CLANG_WARN_INT_CONVERSION = YES;
				CLANG_WARN_OBJC_ROOT_CLASS = YES_ERROR;
				CLANG_WARN_SUSPICIOUS_MOVE = YES;
				CLANG_WARN_UNREACHABLE_CODE = YES;
				CLANG_WARN__DUPLICATE_METHOD_MATCH = YES;
				"CODE_SIGN_IDENTITY[sdk=iphoneos*]" = "iPhone Developer";
				COPY_PHASE_STRIP = NO;
				DEBUG_INFORMATION_FORMAT = "dwarf-with-dsym";
				ENABLE_NS_ASSERTIONS = NO;
				ENABLE_STRICT_OBJC_MSGSEND = YES;
				GCC_C_LANGUAGE_STANDARD = gnu99;
				GCC_NO_COMMON_BLOCKS = YES;
				GCC_WARN_64_TO_32_BIT_CONVERSION = YES;
				GCC_WARN_ABOUT_RETURN_TYPE = YES_ERROR;
				GCC_WARN_UNDECLARED_SELECTOR = YES;
				GCC_WARN_UNINITIALIZED_AUTOS = YES_AGGRESSIVE;
				GCC_WARN_UNUSED_FUNCTION = YES;
				GCC_WARN_UNUSED_VARIABLE = YES;
				IPHONEOS_DEPLOYMENT_TARGET = 10.3;
				MTL_ENABLE_DEBUG_INFO = NO;
				SDKROOT = iphoneos;
				SWIFT_OPTIMIZATION_LEVEL = "-Owholemodule";
				TARGETED_DEVICE_FAMILY = "1,2";
				VALIDATE_PRODUCT = YES;
			};
			name = Release;
		};
		89E54B2D1F1CA07400CC1EAD /* Debug */ = {
			isa = XCBuildConfiguration;
			buildSettings = {
				ASSETCATALOG_COMPILER_APPICON_NAME = AppIcon;
				DEVELOPMENT_TEAM = MH8GQLL8BR;
				INFOPLIST_FILE = ShowAllUIBarButtonItems/Info.plist;
				LD_RUNPATH_SEARCH_PATHS = "$(inherited) @executable_path/Frameworks";
				PRODUCT_BUNDLE_IDENTIFIER = nl.dutchvirtual.ShowAllUIBarButtonItems;
				PRODUCT_NAME = "$(TARGET_NAME)";
				SWIFT_VERSION = 3.0;
			};
			name = Debug;
		};
		89E54B2E1F1CA07400CC1EAD /* Release */ = {
			isa = XCBuildConfiguration;
			buildSettings = {
				ASSETCATALOG_COMPILER_APPICON_NAME = AppIcon;
				DEVELOPMENT_TEAM = MH8GQLL8BR;
				INFOPLIST_FILE = ShowAllUIBarButtonItems/Info.plist;
				LD_RUNPATH_SEARCH_PATHS = "$(inherited) @executable_path/Frameworks";
				PRODUCT_BUNDLE_IDENTIFIER = nl.dutchvirtual.ShowAllUIBarButtonItems;
				PRODUCT_NAME = "$(TARGET_NAME)";
				SWIFT_VERSION = 3.0;
			};
			name = Release;
		};
/* End XCBuildConfiguration section */

/* Begin XCConfigurationList section */
		89E54B151F1CA07300CC1EAD /* Build configuration list for PBXProject "ShowAllUIBarButtonItems" */ = {
			isa = XCConfigurationList;
			buildConfigurations = (
				89E54B2A1F1CA07400CC1EAD /* Debug */,
				89E54B2B1F1CA07400CC1EAD /* Release */,
			);
			defaultConfigurationIsVisible = 0;
			defaultConfigurationName = Release;
		};
		89E54B2C1F1CA07400CC1EAD /* Build configuration list for PBXNativeTarget "ShowAllUIBarButtonItems" */ = {
			isa = XCConfigurationList;
			buildConfigurations = (
				89E54B2D1F1CA07400CC1EAD /* Debug */,
				89E54B2E1F1CA07400CC1EAD /* Release */,
			);
			defaultConfigurationIsVisible = 0;
		};
/* End XCConfigurationList section */
	};
	rootObject = 89E54B121F1CA07300CC1EAD /* Project object */;
}
